
Microsoft Visual Studio Solution File, Format Version 12.00
# Visual Studio Version 16
VisualStudioVersion = 16.0.29230.47
MinimumVisualStudioVersion = 10.0.40219.1
Project("{FAE04EC0-301F-11D3-BF4B-00C04F79EFBC}") = "ISAT5", "ISAT5\ISAT5.csproj", "{074554C4-C053-4EE5-AD3D-495A196977B7}"
EndProject
Global
	GlobalSection(SolutionConfigurationPlatforms) = preSolution
		Debug|Any CPU = Debug|Any CPU
		Release|Any CPU = Release|Any CPU
	EndGlobalSection
	GlobalSection(ProjectConfigurationPlatforms) = postSolution
		{074554C4-C053-4EE5-AD3D-495A196977B7}.Debug|Any CPU.ActiveCfg = Debug|Any CPU
		{074554C4-C053-4EE5-AD3D-495A196977B7}.Debug|Any CPU.Build.0 = Debug|Any CPU
		{074554C4-C053-4EE5-AD3D-495A196977B7}.Release|Any CPU.ActiveCfg = Release|Any CPU
		{074554C4-C053-4EE5-AD3D-495A196977B7}.Release|Any CPU.Build.0 = Release|Any CPU
	EndGlobalSection
	GlobalSection(SolutionProperties) = preSolution
		HideSolutionNode = FALSE
	EndGlobalSection
	GlobalSection(ExtensibilityGlobals) = postSolution
		SolutionGuid = {639D826A-49D4-42F9-827A-E6ECC0B6AAA1}
	EndGlobalSection
EndGlobal
